
Microsoft Visual Studio Solution File, Format Version 12.00
# Visual Studio Version 16
VisualStudioVersion = 16.0.32510.428
MinimumVisualStudioVersion = 10.0.40219.1
Project("{FAE04EC0-301F-11D3-BF4B-00C04F79EFBC}") = "14 iyun", "14 iyun.csproj", "{CBC2B517-914D-4F0E-B055-06BAE55E39EB}"
EndProject
Global
	GlobalSection(SolutionConfigurationPlatforms) = preSolution
		Debug|Any CPU = Debug|Any CPU
		Release|Any CPU = Release|Any CPU
	EndGlobalSection
	GlobalSection(ProjectConfigurationPlatforms) = postSolution
		{CBC2B517-914D-4F0E-B055-06BAE55E39EB}.Debug|Any CPU.ActiveCfg = Debug|Any CPU
		{CBC2B517-914D-4F0E-B055-06BAE55E39EB}.Debug|Any CPU.Build.0 = Debug|Any CPU
		{CBC2B517-914D-4F0E-B055-06BAE55E39EB}.Release|Any CPU.ActiveCfg = Release|Any CPU
		{CBC2B517-914D-4F0E-B055-06BAE55E39EB}.Release|Any CPU.Build.0 = Release|Any CPU
	EndGlobalSection
	GlobalSection(SolutionProperties) = preSolution
		HideSolutionNode = FALSE
	EndGlobalSection
	GlobalSection(ExtensibilityGlobals) = postSolution
		SolutionGuid = {604AC230-F400-4187-9F4E-288AC5AC8E0A}
	EndGlobalSection
EndGlobal
